
Microsoft Visual Studio Solution File, Format Version 12.00
# Visual Studio Version 17
VisualStudioVersion = 17.9.34622.214
MinimumVisualStudioVersion = 10.0.40219.1
Project("{FAE04EC0-301F-11D3-BF4B-00C04F79EFBC}") = "VarKeyWord", "VarKeyWord.csproj", "{67209B6D-0D4D-41B5-8030-70D5639E803B}"
EndProject
Global
	GlobalSection(SolutionConfigurationPlatforms) = preSolution
		Debug|Any CPU = Debug|Any CPU
		Release|Any CPU = Release|Any CPU
	EndGlobalSection
	GlobalSection(ProjectConfigurationPlatforms) = postSolution
		{67209B6D-0D4D-41B5-8030-70D5639E803B}.Debug|Any CPU.ActiveCfg = Debug|Any CPU
		{67209B6D-0D4D-41B5-8030-70D5639E803B}.Debug|Any CPU.Build.0 = Debug|Any CPU
		{67209B6D-0D4D-41B5-8030-70D5639E803B}.Release|Any CPU.ActiveCfg = Release|Any CPU
		{67209B6D-0D4D-41B5-8030-70D5639E803B}.Release|Any CPU.Build.0 = Release|Any CPU
	EndGlobalSection
	GlobalSection(SolutionProperties) = preSolution
		HideSolutionNode = FALSE
	EndGlobalSection
	GlobalSection(ExtensibilityGlobals) = postSolution
		SolutionGuid = {3B5CB3C9-5AC9-4178-862E-8230DEB8FE11}
	EndGlobalSection
EndGlobal
