
Microsoft Visual Studio Solution File, Format Version 12.00
# Visual Studio Version 17
VisualStudioVersion = 17.9.34622.214
MinimumVisualStudioVersion = 10.0.40219.1
Project("{FAE04EC0-301F-11D3-BF4B-00C04F79EFBC}") = "ExcerciseEvenOrOdd", "ExcerciseEvenOrOdd.csproj", "{C36DBC87-D892-4F31-B0ED-6365E85C26DC}"
EndProject
Global
	GlobalSection(SolutionConfigurationPlatforms) = preSolution
		Debug|Any CPU = Debug|Any CPU
		Release|Any CPU = Release|Any CPU
	EndGlobalSection
	GlobalSection(ProjectConfigurationPlatforms) = postSolution
		{C36DBC87-D892-4F31-B0ED-6365E85C26DC}.Debug|Any CPU.ActiveCfg = Debug|Any CPU
		{C36DBC87-D892-4F31-B0ED-6365E85C26DC}.Debug|Any CPU.Build.0 = Debug|Any CPU
		{C36DBC87-D892-4F31-B0ED-6365E85C26DC}.Release|Any CPU.ActiveCfg = Release|Any CPU
		{C36DBC87-D892-4F31-B0ED-6365E85C26DC}.Release|Any CPU.Build.0 = Release|Any CPU
	EndGlobalSection
	GlobalSection(SolutionProperties) = preSolution
		HideSolutionNode = FALSE
	EndGlobalSection
	GlobalSection(ExtensibilityGlobals) = postSolution
		SolutionGuid = {9F4E3D6D-3203-4B24-9ABA-2BBC5339FD39}
	EndGlobalSection
EndGlobal
