
Microsoft Visual Studio Solution File, Format Version 12.00
# Visual Studio Version 17
VisualStudioVersion = 17.9.34622.214
MinimumVisualStudioVersion = 10.0.40219.1
Project("{FAE04EC0-301F-11D3-BF4B-00C04F79EFBC}") = "DoWhileLoop", "DoWhileLoop.csproj", "{F69A252C-F5AE-4D27-8346-18F5DB771A42}"
EndProject
Global
	GlobalSection(SolutionConfigurationPlatforms) = preSolution
		Debug|Any CPU = Debug|Any CPU
		Release|Any CPU = Release|Any CPU
	EndGlobalSection
	GlobalSection(ProjectConfigurationPlatforms) = postSolution
		{F69A252C-F5AE-4D27-8346-18F5DB771A42}.Debug|Any CPU.ActiveCfg = Debug|Any CPU
		{F69A252C-F5AE-4D27-8346-18F5DB771A42}.Debug|Any CPU.Build.0 = Debug|Any CPU
		{F69A252C-F5AE-4D27-8346-18F5DB771A42}.Release|Any CPU.ActiveCfg = Release|Any CPU
		{F69A252C-F5AE-4D27-8346-18F5DB771A42}.Release|Any CPU.Build.0 = Release|Any CPU
	EndGlobalSection
	GlobalSection(SolutionProperties) = preSolution
		HideSolutionNode = FALSE
	EndGlobalSection
	GlobalSection(ExtensibilityGlobals) = postSolution
		SolutionGuid = {141B193A-F9CE-4933-B444-35C9C9437F13}
	EndGlobalSection
EndGlobal
